
Microsoft Visual Studio Solution File, Format Version 12.00
# Visual Studio Version 17
VisualStudioVersion = 17.0.31903.59
MinimumVisualStudioVersion = 10.0.40219.1
Project("{2150E333-8FDC-42A3-9474-1A3956D46DE8}") = "src", "src", "{827E0CD3-B72D-47B6-A68D-7590B98EB39B}"
EndProject
Project("{2150E333-8FDC-42A3-9474-1A3956D46DE8}") = "backend", "backend", "{FE360695-3F2B-1049-3887-35FBB5135923}"
EndProject
Project("{FAE04EC0-301F-11D3-BF4B-00C04F79EFBC}") = "Trevvos.Api", "src\backend\Trevvos.Api\Trevvos.Api.csproj", "{DAD6279C-4E4E-4173-B8E7-D69A98934501}"
EndProject
Project("{2150E333-8FDC-42A3-9474-1A3956D46DE8}") = "tests", "tests", "{0AB3BF05-4346-4AA6-1389-037BE0695223}"
EndProject
Project("{FAE04EC0-301F-11D3-BF4B-00C04F79EFBC}") = "Trevvos.IntegrationTests", "tests\Trevvos.IntegrationTests\Trevvos.IntegrationTests.csproj", "{A2371808-5E90-460C-9BB2-FB3E2EC41DDD}"
EndProject
Project("{FAE04EC0-301F-11D3-BF4B-00C04F79EFBC}") = "Trevvos.Application", "src\backend\Trevvos.Application\Trevvos.Application.csproj", "{8607888D-3F38-4148-B7F8-0E53DAC25E44}"
EndProject
Project("{FAE04EC0-301F-11D3-BF4B-00C04F79EFBC}") = "Trevvos.Domain", "src\backend\Trevvos.Domain\Trevvos.Domain.csproj", "{33CB1E46-3655-4324-B5E3-34F78D727FBF}"
EndProject
Project("{FAE04EC0-301F-11D3-BF4B-00C04F79EFBC}") = "Trevvos.Infrastructure", "src\backend\Trevvos.Infrastructure\Trevvos.Infrastructure.csproj", "{058522BA-627F-4256-A98A-DEF8AE035B69}"
EndProject
Project("{FAE04EC0-301F-11D3-BF4B-00C04F79EFBC}") = "Trevvos.Worker", "src\backend\Trevvos.Worker\Trevvos.Worker.csproj", "{F22E5046-41D6-42AE-9005-C668E049901D}"
EndProject
Project("{FAE04EC0-301F-11D3-BF4B-00C04F79EFBC}") = "Trevvos.UnitTests", "tests\Trevvos.UnitTests\Trevvos.UnitTests.csproj", "{2A10D5C4-6052-43D6-8386-571069119A81}"
EndProject
Global
	GlobalSection(SolutionConfigurationPlatforms) = preSolution
		Debug|Any CPU = Debug|Any CPU
		Debug|x64 = Debug|x64
		Debug|x86 = Debug|x86
		Release|Any CPU = Release|Any CPU
		Release|x64 = Release|x64
		Release|x86 = Release|x86
	EndGlobalSection
	GlobalSection(ProjectConfigurationPlatforms) = postSolution
		{DAD6279C-4E4E-4173-B8E7-D69A98934501}.Debug|Any CPU.ActiveCfg = Debug|Any CPU
		{DAD6279C-4E4E-4173-B8E7-D69A98934501}.Debug|Any CPU.Build.0 = Debug|Any CPU
		{DAD6279C-4E4E-4173-B8E7-D69A98934501}.Debug|x64.ActiveCfg = Debug|Any CPU
		{DAD6279C-4E4E-4173-B8E7-D69A98934501}.Debug|x64.Build.0 = Debug|Any CPU
		{DAD6279C-4E4E-4173-B8E7-D69A98934501}.Debug|x86.ActiveCfg = Debug|Any CPU
		{DAD6279C-4E4E-4173-B8E7-D69A98934501}.Debug|x86.Build.0 = Debug|Any CPU
		{DAD6279C-4E4E-4173-B8E7-D69A98934501}.Release|Any CPU.ActiveCfg = Release|Any CPU
		{DAD6279C-4E4E-4173-B8E7-D69A98934501}.Release|Any CPU.Build.0 = Release|Any CPU
		{DAD6279C-4E4E-4173-B8E7-D69A98934501}.Release|x64.ActiveCfg = Release|Any CPU
		{DAD6279C-4E4E-4173-B8E7-D69A98934501}.Release|x64.Build.0 = Release|Any CPU
		{DAD6279C-4E4E-4173-B8E7-D69A98934501}.Release|x86.ActiveCfg = Release|Any CPU
		{DAD6279C-4E4E-4173-B8E7-D69A98934501}.Release|x86.Build.0 = Release|Any CPU
		{A2371808-5E90-460C-9BB2-FB3E2EC41DDD}.Debug|Any CPU.ActiveCfg = Debug|Any CPU
		{A2371808-5E90-460C-9BB2-FB3E2EC41DDD}.Debug|Any CPU.Build.0 = Debug|Any CPU
		{A2371808-5E90-460C-9BB2-FB3E2EC41DDD}.Debug|x64.ActiveCfg = Debug|Any CPU
		{A2371808-5E90-460C-9BB2-FB3E2EC41DDD}.Debug|x64.Build.0 = Debug|Any CPU
		{A2371808-5E90-460C-9BB2-FB3E2EC41DDD}.Debug|x86.ActiveCfg = Debug|Any CPU
		{A2371808-5E90-460C-9BB2-FB3E2EC41DDD}.Debug|x86.Build.0 = Debug|Any CPU
		{A2371808-5E90-460C-9BB2-FB3E2EC41DDD}.Release|Any CPU.ActiveCfg = Release|Any CPU
		{A2371808-5E90-460C-9BB2-FB3E2EC41DDD}.Release|Any CPU.Build.0 = Release|Any CPU
		{A2371808-5E90-460C-9BB2-FB3E2EC41DDD}.Release|x64.ActiveCfg = Release|Any CPU
		{A2371808-5E90-460C-9BB2-FB3E2EC41DDD}.Release|x64.Build.0 = Release|Any CPU
		{A2371808-5E90-460C-9BB2-FB3E2EC41DDD}.Release|x86.ActiveCfg = Release|Any CPU
		{A2371808-5E90-460C-9BB2-FB3E2EC41DDD}.Release|x86.Build.0 = Release|Any CPU
		{8607888D-3F38-4148-B7F8-0E53DAC25E44}.Debug|Any CPU.ActiveCfg = Debug|Any CPU
		{8607888D-3F38-4148-B7F8-0E53DAC25E44}.Debug|Any CPU.Build.0 = Debug|Any CPU
		{8607888D-3F38-4148-B7F8-0E53DAC25E44}.Debug|x64.ActiveCfg = Debug|Any CPU
		{8607888D-3F38-4148-B7F8-0E53DAC25E44}.Debug|x64.Build.0 = Debug|Any CPU
		{8607888D-3F38-4148-B7F8-0E53DAC25E44}.Debug|x86.ActiveCfg = Debug|Any CPU
		{8607888D-3F38-4148-B7F8-0E53DAC25E44}.Debug|x86.Build.0 = Debug|Any CPU
		{8607888D-3F38-4148-B7F8-0E53DAC25E44}.Release|Any CPU.ActiveCfg = Release|Any CPU
		{8607888D-3F38-4148-B7F8-0E53DAC25E44}.Release|Any CPU.Build.0 = Release|Any CPU
		{8607888D-3F38-4148-B7F8-0E53DAC25E44}.Release|x64.ActiveCfg = Release|Any CPU
		{8607888D-3F38-4148-B7F8-0E53DAC25E44}.Release|x64.Build.0 = Release|Any CPU
		{8607888D-3F38-4148-B7F8-0E53DAC25E44}.Release|x86.ActiveCfg = Release|Any CPU
		{8607888D-3F38-4148-B7F8-0E53DAC25E44}.Release|x86.Build.0 = Release|Any CPU
		{33CB1E46-3655-4324-B5E3-34F78D727FBF}.Debug|Any CPU.ActiveCfg = Debug|Any CPU
		{33CB1E46-3655-4324-B5E3-34F78D727FBF}.Debug|Any CPU.Build.0 = Debug|Any CPU
		{33CB1E46-3655-4324-B5E3-34F78D727FBF}.Debug|x64.ActiveCfg = Debug|Any CPU
		{33CB1E46-3655-4324-B5E3-34F78D727FBF}.Debug|x64.Build.0 = Debug|Any CPU
		{33CB1E46-3655-4324-B5E3-34F78D727FBF}.Debug|x86.ActiveCfg = Debug|Any CPU
		{33CB1E46-3655-4324-B5E3-34F78D727FBF}.Debug|x86.Build.0 = Debug|Any CPU
		{33CB1E46-3655-4324-B5E3-34F78D727FBF}.Release|Any CPU.ActiveCfg = Release|Any CPU
		{33CB1E46-3655-4324-B5E3-34F78D727FBF}.Release|Any CPU.Build.0 = Release|Any CPU
		{33CB1E46-3655-4324-B5E3-34F78D727FBF}.Release|x64.ActiveCfg = Release|Any CPU
		{33CB1E46-3655-4324-B5E3-34F78D727FBF}.Release|x64.Build.0 = Release|Any CPU
		{33CB1E46-3655-4324-B5E3-34F78D727FBF}.Release|x86.ActiveCfg = Release|Any CPU
		{33CB1E46-3655-4324-B5E3-34F78D727FBF}.Release|x86.Build.0 = Release|Any CPU
		{058522BA-627F-4256-A98A-DEF8AE035B69}.Debug|Any CPU.ActiveCfg = Debug|Any CPU
		{058522BA-627F-4256-A98A-DEF8AE035B69}.Debug|Any CPU.Build.0 = Debug|Any CPU
		{058522BA-627F-4256-A98A-DEF8AE035B69}.Debug|x64.ActiveCfg = Debug|Any CPU
		{058522BA-627F-4256-A98A-DEF8AE035B69}.Debug|x64.Build.0 = Debug|Any CPU
		{058522BA-627F-4256-A98A-DEF8AE035B69}.Debug|x86.ActiveCfg = Debug|Any CPU
		{058522BA-627F-4256-A98A-DEF8AE035B69}.Debug|x86.Build.0 = Debug|Any CPU
		{058522BA-627F-4256-A98A-DEF8AE035B69}.Release|Any CPU.ActiveCfg = Release|Any CPU
		{058522BA-627F-4256-A98A-DEF8AE035B69}.Release|Any CPU.Build.0 = Release|Any CPU
		{058522BA-627F-4256-A98A-DEF8AE035B69}.Release|x64.ActiveCfg = Release|Any CPU
		{058522BA-627F-4256-A98A-DEF8AE035B69}.Release|x64.Build.0 = Release|Any CPU
		{058522BA-627F-4256-A98A-DEF8AE035B69}.Release|x86.ActiveCfg = Release|Any CPU
		{058522BA-627F-4256-A98A-DEF8AE035B69}.Release|x86.Build.0 = Release|Any CPU
		{F22E5046-41D6-42AE-9005-C668E049901D}.Debug|Any CPU.ActiveCfg = Debug|Any CPU
		{F22E5046-41D6-42AE-9005-C668E049901D}.Debug|Any CPU.Build.0 = Debug|Any CPU
		{F22E5046-41D6-42AE-9005-C668E049901D}.Debug|x64.ActiveCfg = Debug|Any CPU
		{F22E5046-41D6-42AE-9005-C668E049901D}.Debug|x64.Build.0 = Debug|Any CPU
		{F22E5046-41D6-42AE-9005-C668E049901D}.Debug|x86.ActiveCfg = Debug|Any CPU
		{F22E5046-41D6-42AE-9005-C668E049901D}.Debug|x86.Build.0 = Debug|Any CPU
		{F22E5046-41D6-42AE-9005-C668E049901D}.Release|Any CPU.ActiveCfg = Release|Any CPU
		{F22E5046-41D6-42AE-9005-C668E049901D}.Release|Any CPU.Build.0 = Release|Any CPU
		{F22E5046-41D6-42AE-9005-C668E049901D}.Release|x64.ActiveCfg = Release|Any CPU
		{F22E5046-41D6-42AE-9005-C668E049901D}.Release|x64.Build.0 = Release|Any CPU
		{F22E5046-41D6-42AE-9005-C668E049901D}.Release|x86.ActiveCfg = Release|Any CPU
		{F22E5046-41D6-42AE-9005-C668E049901D}.Release|x86.Build.0 = Release|Any CPU
		{2A10D5C4-6052-43D6-8386-571069119A81}.Debug|Any CPU.ActiveCfg = Debug|Any CPU
		{2A10D5C4-6052-43D6-8386-571069119A81}.Debug|Any CPU.Build.0 = Debug|Any CPU
		{2A10D5C4-6052-43D6-8386-571069119A81}.Debug|x64.ActiveCfg = Debug|Any CPU
		{2A10D5C4-6052-43D6-8386-571069119A81}.Debug|x64.Build.0 = Debug|Any CPU
		{2A10D5C4-6052-43D6-8386-571069119A81}.Debug|x86.ActiveCfg = Debug|Any CPU
		{2A10D5C4-6052-43D6-8386-571069119A81}.Debug|x86.Build.0 = Debug|Any CPU
		{2A10D5C4-6052-43D6-8386-571069119A81}.Release|Any CPU.ActiveCfg = Release|Any CPU
		{2A10D5C4-6052-43D6-8386-571069119A81}.Release|Any CPU.Build.0 = Release|Any CPU
		{2A10D5C4-6052-43D6-8386-571069119A81}.Release|x64.ActiveCfg = Release|Any CPU
		{2A10D5C4-6052-43D6-8386-571069119A81}.Release|x64.Build.0 = Release|Any CPU
		{2A10D5C4-6052-43D6-8386-571069119A81}.Release|x86.ActiveCfg = Release|Any CPU
		{2A10D5C4-6052-43D6-8386-571069119A81}.Release|x86.Build.0 = Release|Any CPU
	EndGlobalSection
	GlobalSection(SolutionProperties) = preSolution
		HideSolutionNode = FALSE
	EndGlobalSection
	GlobalSection(NestedProjects) = preSolution
		{FE360695-3F2B-1049-3887-35FBB5135923} = {827E0CD3-B72D-47B6-A68D-7590B98EB39B}
		{DAD6279C-4E4E-4173-B8E7-D69A98934501} = {FE360695-3F2B-1049-3887-35FBB5135923}
		{A2371808-5E90-460C-9BB2-FB3E2EC41DDD} = {0AB3BF05-4346-4AA6-1389-037BE0695223}
		{8607888D-3F38-4148-B7F8-0E53DAC25E44} = {FE360695-3F2B-1049-3887-35FBB5135923}
		{33CB1E46-3655-4324-B5E3-34F78D727FBF} = {FE360695-3F2B-1049-3887-35FBB5135923}
		{058522BA-627F-4256-A98A-DEF8AE035B69} = {FE360695-3F2B-1049-3887-35FBB5135923}
		{F22E5046-41D6-42AE-9005-C668E049901D} = {FE360695-3F2B-1049-3887-35FBB5135923}
		{2A10D5C4-6052-43D6-8386-571069119A81} = {0AB3BF05-4346-4AA6-1389-037BE0695223}
	EndGlobalSection
EndGlobal
